# This file is automatically @generated by Cargo.
# It is not intended for manual editing.
[[package]]
name = "bitflags"
version = "1.0.4"
source = "registry+https://github.com/rust-lang/crates.io-index"

[[package]]
name = "hfo2"
version = "0.1.0"
dependencies = [
 "bitflags 1.0.4 (registry+https://github.com/rust-lang/crates.io-index)",
 "reduce 0.1.2 (registry+https://github.com/rust-lang/crates.io-index)",
 "static_assertions 0.3.2 (registry+https://github.com/rust-lang/crates.io-index)",
]

[[package]]
name = "reduce"
version = "0.1.2"
source = "registry+https://github.com/rust-lang/crates.io-index"

[[package]]
name = "static_assertions"
version = "0.3.2"
source = "registry+https://github.com/rust-lang/crates.io-index"

[metadata]
"checksum bitflags 1.0.4 (registry+https://github.com/rust-lang/crates.io-index)" = "228047a76f468627ca71776ecdebd732a3423081fcf5125585bcd7c49886ce12"
"checksum reduce 0.1.2 (registry+https://github.com/rust-lang/crates.io-index)" = "75b1fa5668b02f2a69746bba558f8f98cc087b123a587fd959122872ad9a3f3c"
"checksum static_assertions 0.3.2 (registry+https://github.com/rust-lang/crates.io-index)" = "ec3c2cbd19f2033005f463529553273cdcb3e91b3281346007adc7967b6789af"
